
Microsoft Visual Studio Solution File, Format Version 12.00
# Visual Studio 15
VisualStudioVersion = 15.0.27428.2015
MinimumVisualStudioVersion = 10.0.40219.1
Project("{FAE04EC0-301F-11D3-BF4B-00C04F79EFBC}") = "for", "for\for.csproj", "{A8CE7462-694B-4839-91A4-E7A26A53F556}"
EndProject
Project("{9A19103F-16F7-4668-BE54-9A1E7A4F7556}") = "Hello", "..\Hello\Hello\Hello.csproj", "{2A46736B-E425-4E30-BE44-50EEC4974AD5}"
EndProject
Global
	GlobalSection(SolutionConfigurationPlatforms) = preSolution
		Debug|Any CPU = Debug|Any CPU
		Release|Any CPU = Release|Any CPU
	EndGlobalSection
	GlobalSection(ProjectConfigurationPlatforms) = postSolution
		{A8CE7462-694B-4839-91A4-E7A26A53F556}.Debug|Any CPU.ActiveCfg = Debug|Any CPU
		{A8CE7462-694B-4839-91A4-E7A26A53F556}.Debug|Any CPU.Build.0 = Debug|Any CPU
		{A8CE7462-694B-4839-91A4-E7A26A53F556}.Release|Any CPU.ActiveCfg = Release|Any CPU
		{A8CE7462-694B-4839-91A4-E7A26A53F556}.Release|Any CPU.Build.0 = Release|Any CPU
		{2A46736B-E425-4E30-BE44-50EEC4974AD5}.Debug|Any CPU.ActiveCfg = Debug|Any CPU
		{2A46736B-E425-4E30-BE44-50EEC4974AD5}.Debug|Any CPU.Build.0 = Debug|Any CPU
		{2A46736B-E425-4E30-BE44-50EEC4974AD5}.Release|Any CPU.ActiveCfg = Release|Any CPU
		{2A46736B-E425-4E30-BE44-50EEC4974AD5}.Release|Any CPU.Build.0 = Release|Any CPU
	EndGlobalSection
	GlobalSection(SolutionProperties) = preSolution
		HideSolutionNode = FALSE
	EndGlobalSection
	GlobalSection(ExtensibilityGlobals) = postSolution
		SolutionGuid = {387D009F-F5B3-4072-B12C-194563757175}
	EndGlobalSection
EndGlobal
